
Microsoft Visual Studio Solution File, Format Version 12.00
# Visual Studio Version 17
VisualStudioVersion = 17.0.32014.148
MinimumVisualStudioVersion = 10.0.40219.1
Project("{9A19103F-16F7-4668-BE54-9A1E7A4F7556}") = "MedicalDirector.Services", "..\MedicalDirector.Services\MedicalDirector.Services.csproj", "{725B3E91-60BC-46C0-9579-2D5D608509E7}"
EndProject
Project("{9A19103F-16F7-4668-BE54-9A1E7A4F7556}") = "MedicalDirector.Domain", "..\MedicalDirector.Entities\MedicalDirector.Domain.csproj", "{AEFB1852-741E-46B5-8F9A-D30DECEDB746}"
EndProject
Project("{9A19103F-16F7-4668-BE54-9A1E7A4F7556}") = "MedicalDirector.API", "MedicalDirector.API.csproj", "{6CD5C926-178F-4FD6-9338-BE7175885890}"
EndProject
Project("{54A90642-561A-4BB1-A94E-469ADEE60C69}") = "MedicalDirector.Client", "..\MedicalDirector.Client\MedicalDirector.Client.esproj", "{ED36AC98-2B07-4550-9A98-27650D0A692F}"
EndProject
Global
	GlobalSection(SolutionConfigurationPlatforms) = preSolution
		Debug|Any CPU = Debug|Any CPU
		Release|Any CPU = Release|Any CPU
	EndGlobalSection
	GlobalSection(ProjectConfigurationPlatforms) = postSolution
		{725B3E91-60BC-46C0-9579-2D5D608509E7}.Debug|Any CPU.ActiveCfg = Debug|Any CPU
		{725B3E91-60BC-46C0-9579-2D5D608509E7}.Debug|Any CPU.Build.0 = Debug|Any CPU
		{725B3E91-60BC-46C0-9579-2D5D608509E7}.Release|Any CPU.ActiveCfg = Release|Any CPU
		{725B3E91-60BC-46C0-9579-2D5D608509E7}.Release|Any CPU.Build.0 = Release|Any CPU
		{AEFB1852-741E-46B5-8F9A-D30DECEDB746}.Debug|Any CPU.ActiveCfg = Debug|Any CPU
		{AEFB1852-741E-46B5-8F9A-D30DECEDB746}.Debug|Any CPU.Build.0 = Debug|Any CPU
		{AEFB1852-741E-46B5-8F9A-D30DECEDB746}.Release|Any CPU.ActiveCfg = Release|Any CPU
		{AEFB1852-741E-46B5-8F9A-D30DECEDB746}.Release|Any CPU.Build.0 = Release|Any CPU
		{6CD5C926-178F-4FD6-9338-BE7175885890}.Debug|Any CPU.ActiveCfg = Debug|Any CPU
		{6CD5C926-178F-4FD6-9338-BE7175885890}.Debug|Any CPU.Build.0 = Debug|Any CPU
		{6CD5C926-178F-4FD6-9338-BE7175885890}.Release|Any CPU.ActiveCfg = Release|Any CPU
		{6CD5C926-178F-4FD6-9338-BE7175885890}.Release|Any CPU.Build.0 = Release|Any CPU
		{ED36AC98-2B07-4550-9A98-27650D0A692F}.Debug|Any CPU.ActiveCfg = Debug|Any CPU
		{ED36AC98-2B07-4550-9A98-27650D0A692F}.Debug|Any CPU.Build.0 = Debug|Any CPU
		{ED36AC98-2B07-4550-9A98-27650D0A692F}.Debug|Any CPU.Deploy.0 = Debug|Any CPU
		{ED36AC98-2B07-4550-9A98-27650D0A692F}.Release|Any CPU.ActiveCfg = Release|Any CPU
		{ED36AC98-2B07-4550-9A98-27650D0A692F}.Release|Any CPU.Build.0 = Release|Any CPU
		{ED36AC98-2B07-4550-9A98-27650D0A692F}.Release|Any CPU.Deploy.0 = Release|Any CPU
	EndGlobalSection
	GlobalSection(SolutionProperties) = preSolution
		HideSolutionNode = FALSE
	EndGlobalSection
	GlobalSection(ExtensibilityGlobals) = postSolution
		SolutionGuid = {50A96E32-64D6-4CB3-8631-C3D2B02093AE}
	EndGlobalSection
EndGlobal
